{
  "pins" : [
    {
      "identity" : "blurview",
      "kind" : "remoteSourceControl",
      "location" : "https://github.com/sentryco/BlurView",
      "state" : {
        "branch" : "main",
        "revision" : "05043c4dd8b05a5fa211eecfd9411f05e6e990b8"
      }
    },
    {
      "identity" : "hapticfeedback",
      "kind" : "remoteSourceControl",
      "location" : "https://github.com/sentryco/HapticFeedback",
      "state" : {
        "branch" : "main",
        "revision" : "f0da8fd1b614623a6262b92d435197dcdcce34e9"
      }
    },
    {
      "identity" : "hybridcolor",
      "kind" : "remoteSourceControl",
      "location" : "https://github.com/sentryco/HybridColor",
      "state" : {
        "branch" : "main",
        "revision" : "08310836ed7a7c36c9cc9955f62c2befbf6084e0"
      }
    },
    {
      "identity" : "pagecontrol",
      "kind" : "remoteSourceControl",
      "location" : "https://github.com/sentryco/PageControl",
      "state" : {
        "branch" : "main",
        "revision" : "c83f433f9c65d72c6078ffc80cbf66da6f4a03f5"
      }
    },
    {
      "identity" : "pagecontrollerview",
      "kind" : "remoteSourceControl",
      "location" : "https://github.com/sentryco/PageControllerView",
      "state" : {
        "branch" : "main",
        "revision" : "a6a594e46de68a7bf809534a987b0caac9a41950"
      }
    }
  ],
  "version" : 2
}
