{
  "pins" : [
    {
      "identity" : "blurview",
      "kind" : "remoteSourceControl",
      "location" : "https://github.com/sentryco/BlurView",
      "state" : {
        "branch" : "main",
        "revision" : "05043c4dd8b05a5fa211eecfd9411f05e6e990b8"
      }
    },
    {
      "identity" : "hapticfeedback",
      "kind" : "remoteSourceControl",
      "location" : "https://github.com/sentryco/HapticFeedback",
      "state" : {
        "branch" : "main",
        "revision" : "f0da8fd1b614623a6262b92d435197dcdcce34e9"
      }
    },
    {
      "identity" : "hybridcolor",
      "kind" : "remoteSourceControl",
      "location" : "https://github.com/sentryco/HybridColor",
      "state" : {
        "branch" : "main",
        "revision" : "08310836ed7a7c36c9cc9955f62c2befbf6084e0"
      }
    },
    {
      "identity" : "pagecontrol",
      "kind" : "remoteSourceControl",
      "location" : "https://github.com/sentryco/PageControl",
      "state" : {
        "branch" : "main",
        "revision" : "181eec0460b7d10c1895df2ffa00097952ee8ab2"
      }
    },
    {
      "identity" : "pagecontrollerview",
      "kind" : "remoteSourceControl",
      "location" : "https://github.com/sentryco/PageControllerView",
      "state" : {
        "branch" : "main",
        "revision" : "fe544edf23eabc73bbd4e68187e6b6910dafc302"
      }
    }
  ],
  "version" : 2
}
